// !$*UTF8*$!
{
	archiveVersion = 1;
	classes = {
	};
	objectVersion = 46;
	objects = {

/* Begin PBXBuildFile section */
		4449A9151E6DED8E003A8187 /* AppDelegate.swift in Sources */ = {isa = PBXBuildFile; fileRef = 4449A9141E6DED8E003A8187 /* AppDelegate.swift */; };
		4449A9171E6DED8E003A8187 /* ViewController.swift in Sources */ = {isa = PBXBuildFile; fileRef = 4449A9161E6DED8E003A8187 /* ViewController.swift */; };
		4449A91A1E6DED8E003A8187 /* Main.storyboard in Resources */ = {isa = PBXBuildFile; fileRef = 4449A9181E6DED8E003A8187 /* Main.storyboard */; };
		4449A91C1E6DED8E003A8187 /* Assets.xcassets in Resources */ = {isa = PBXBuildFile; fileRef = 4449A91B1E6DED8E003A8187 /* Assets.xcassets */; };
		4449A91F1E6DED8E003A8187 /* LaunchScreen.storyboard in Resources */ = {isa = PBXBuildFile; fileRef = 4449A91D1E6DED8E003A8187 /* LaunchScreen.storyboard */; };
		4449A92A1E6DED8E003A8187 /* HackOverflow_iOS_KitTests.swift in Sources */ = {isa = PBXBuildFile; fileRef = 4449A9291E6DED8E003A8187 /* HackOverflow_iOS_KitTests.swift */; };
/* End PBXBuildFile section */

/* Begin PBXContainerItemProxy section */
		4449A9261E6DED8E003A8187 /* PBXContainerItemProxy */ = {
			isa = PBXContainerItemProxy;
			containerPortal = 4449A9091E6DED8D003A8187 /* Project object */;
			proxyType = 1;
			remoteGlobalIDString = 4449A9101E6DED8E003A8187;
			remoteInfo = "HackOverflow-iOS-Kit";
		};
/* End PBXContainerItemProxy section */

/* Begin PBXFileReference section */
		4449A9111E6DED8E003A8187 /* HackOverflow-iOS-Kit.app */ = {isa = PBXFileReference; explicitFileType = wrapper.application; includeInIndex = 0; path = "HackOverflow-iOS-Kit.app"; sourceTree = BUILT_PRODUCTS_DIR; };
		4449A9141E6DED8E003A8187 /* AppDelegate.swift */ = {isa = PBXFileReference; lastKnownFileType = sourcecode.swift; path = AppDelegate.swift; sourceTree = "<group>"; };
		4449A9161E6DED8E003A8187 /* ViewController.swift */ = {isa = PBXFileReference; lastKnownFileType = sourcecode.swift; path = ViewController.swift; sourceTree = "<group>"; };
		4449A9191E6DED8E003A8187 /* Base */ = {isa = PBXFileReference; lastKnownFileType = file.storyboard; name = Base; path = Base.lproj/Main.storyboard; sourceTree = "<group>"; };
		4449A91B1E6DED8E003A8187 /* Assets.xcassets */ = {isa = PBXFileReference; lastKnownFileType = folder.assetcatalog; path = Assets.xcassets; sourceTree = "<group>"; };
		4449A91E1E6DED8E003A8187 /* Base */ = {isa = PBXFileReference; lastKnownFileType = file.storyboard; name = Base; path = Base.lproj/LaunchScreen.storyboard; sourceTree = "<group>"; };
		4449A9201E6DED8E003A8187 /* Info.plist */ = {isa = PBXFileReference; lastKnownFileType = text.plist.xml; path = Info.plist; sourceTree = "<group>"; };
		4449A9251E6DED8E003A8187 /* HackOverflow-iOS-KitTests.xctest */ = {isa = PBXFileReference; explicitFileType = wrapper.cfbundle; includeInIndex = 0; path = "HackOverflow-iOS-KitTests.xctest"; sourceTree = BUILT_PRODUCTS_DIR; };
		4449A9291E6DED8E003A8187 /* HackOverflow_iOS_KitTests.swift */ = {isa = PBXFileReference; lastKnownFileType = sourcecode.swift; path = HackOverflow_iOS_KitTests.swift; sourceTree = "<group>"; };
		4449A92B1E6DED8E003A8187 /* Info.plist */ = {isa = PBXFileReference; lastKnownFileType = text.plist.xml; path = Info.plist; sourceTree = "<group>"; };
/* End PBXFileReference section */

/* Begin PBXFrameworksBuildPhase section */
		4449A90E1E6DED8E003A8187 /* Frameworks */ = {
			isa = PBXFrameworksBuildPhase;
			buildActionMask = 2147483647;
			files = (
			);
			runOnlyForDeploymentPostprocessing = 0;
		};
		4449A9221E6DED8E003A8187 /* Frameworks */ = {
			isa = PBXFrameworksBuildPhase;
			buildActionMask = 2147483647;
			files = (
			);
			runOnlyForDeploymentPostprocessing = 0;
		};
/* End PBXFrameworksBuildPhase section */

/* Begin PBXGroup section */
		4449A9081E6DED8D003A8187 = {
			isa = PBXGroup;
			children = (
				4449A9131E6DED8E003A8187 /* HackOverflow-iOS-Kit */,
				4449A9281E6DED8E003A8187 /* HackOverflow-iOS-KitTests */,
				4449A9121E6DED8E003A8187 /* Products */,
			);
			sourceTree = "<group>";
		};
		4449A9121E6DED8E003A8187 /* Products */ = {
			isa = PBXGroup;
			children = (
				4449A9111E6DED8E003A8187 /* HackOverflow-iOS-Kit.app */,
				4449A9251E6DED8E003A8187 /* HackOverflow-iOS-KitTests.xctest */,
			);
			name = Products;
			sourceTree = "<group>";
		};
		4449A9131E6DED8E003A8187 /* HackOverflow-iOS-Kit */ = {
			isa = PBXGroup;
			children = (
				4449A9141E6DED8E003A8187 /* AppDelegate.swift */,
				4449A9161E6DED8E003A8187 /* ViewController.swift */,
				4449A9181E6DED8E003A8187 /* Main.storyboard */,
				4449A91B1E6DED8E003A8187 /* Assets.xcassets */,
				4449A91D1E6DED8E003A8187 /* LaunchScreen.storyboard */,
				4449A9201E6DED8E003A8187 /* Info.plist */,
			);
			path = "HackOverflow-iOS-Kit";
			sourceTree = "<group>";
		};
		4449A9281E6DED8E003A8187 /* HackOverflow-iOS-KitTests */ = {
			isa = PBXGroup;
			children = (
				4449A9291E6DED8E003A8187 /* HackOverflow_iOS_KitTests.swift */,
				4449A92B1E6DED8E003A8187 /* Info.plist */,
			);
			path = "HackOverflow-iOS-KitTests";
			sourceTree = "<group>";
		};
/* End PBXGroup section */

/* Begin PBXNativeTarget section */
		4449A9101E6DED8E003A8187 /* HackOverflow-iOS-Kit */ = {
			isa = PBXNativeTarget;
			buildConfigurationList = 4449A92E1E6DED8E003A8187 /* Build configuration list for PBXNativeTarget "HackOverflow-iOS-Kit" */;
			buildPhases = (
				4449A90D1E6DED8E003A8187 /* Sources */,
				4449A90E1E6DED8E003A8187 /* Frameworks */,
				4449A90F1E6DED8E003A8187 /* Resources */,
			);
			buildRules = (
			);
			dependencies = (
			);
			name = "HackOverflow-iOS-Kit";
			productName = "HackOverflow-iOS-Kit";
			productReference = 4449A9111E6DED8E003A8187 /* HackOverflow-iOS-Kit.app */;
			productType = "com.apple.product-type.application";
		};
		4449A9241E6DED8E003A8187 /* HackOverflow-iOS-KitTests */ = {
			isa = PBXNativeTarget;
			buildConfigurationList = 4449A9311E6DED8E003A8187 /* Build configuration list for PBXNativeTarget "HackOverflow-iOS-KitTests" */;
			buildPhases = (
				4449A9211E6DED8E003A8187 /* Sources */,
				4449A9221E6DED8E003A8187 /* Frameworks */,
				4449A9231E6DED8E003A8187 /* Resources */,
			);
			buildRules = (
			);
			dependencies = (
				4449A9271E6DED8E003A8187 /* PBXTargetDependency */,
			);
			name = "HackOverflow-iOS-KitTests";
			productName = "HackOverflow-iOS-KitTests";
			productReference = 4449A9251E6DED8E003A8187 /* HackOverflow-iOS-KitTests.xctest */;
			productType = "com.apple.product-type.bundle.unit-test";
		};
/* End PBXNativeTarget section */

/* Begin PBXProject section */
		4449A9091E6DED8D003A8187 /* Project object */ = {
			isa = PBXProject;
			attributes = {
				LastSwiftUpdateCheck = 0820;
				LastUpgradeCheck = 0820;
				ORGANIZATIONNAME = HackOverflow;
				TargetAttributes = {
					4449A9101E6DED8E003A8187 = {
						CreatedOnToolsVersion = 8.2.1;
						ProvisioningStyle = Automatic;
					};
					4449A9241E6DED8E003A8187 = {
						CreatedOnToolsVersion = 8.2.1;
						ProvisioningStyle = Automatic;
						TestTargetID = 4449A9101E6DED8E003A8187;
					};
				};
			};
			buildConfigurationList = 4449A90C1E6DED8D003A8187 /* Build configuration list for PBXProject "HackOverflow-iOS-Kit" */;
			compatibilityVersion = "Xcode 3.2";
			developmentRegion = English;
			hasScannedForEncodings = 0;
			knownRegions = (
				en,
				Base,
			);
			mainGroup = 4449A9081E6DED8D003A8187;
			productRefGroup = 4449A9121E6DED8E003A8187 /* Products */;
			projectDirPath = "";
			projectRoot = "";
			targets = (
				4449A9101E6DED8E003A8187 /* HackOverflow-iOS-Kit */,
				4449A9241E6DED8E003A8187 /* HackOverflow-iOS-KitTests */,
			);
		};
/* End PBXProject section */

/* Begin PBXResourcesBuildPhase section */
		4449A90F1E6DED8E003A8187 /* Resources */ = {
			isa = PBXResourcesBuildPhase;
			buildActionMask = 2147483647;
			files = (
				4449A91F1E6DED8E003A8187 /* LaunchScreen.storyboard in Resources */,
				4449A91C1E6DED8E003A8187 /* Assets.xcassets in Resources */,
				4449A91A1E6DED8E003A8187 /* Main.storyboard in Resources */,
			);
			runOnlyForDeploymentPostprocessing = 0;
		};
		4449A9231E6DED8E003A8187 /* Resources */ = {
			isa = PBXResourcesBuildPhase;
			buildActionMask = 2147483647;
			files = (
			);
			runOnlyForDeploymentPostprocessing = 0;
		};
/* End PBXResourcesBuildPhase section */

/* Begin PBXSourcesBuildPhase section */
		4449A90D1E6DED8E003A8187 /* Sources */ = {
			isa = PBXSourcesBuildPhase;
			buildActionMask = 2147483647;
			files = (
				4449A9171E6DED8E003A8187 /* ViewController.swift in Sources */,
				4449A9151E6DED8E003A8187 /* AppDelegate.swift in Sources */,
			);
			runOnlyForDeploymentPostprocessing = 0;
		};
		4449A9211E6DED8E003A8187 /* Sources */ = {
			isa = PBXSourcesBuildPhase;
			buildActionMask = 2147483647;
			files = (
				4449A92A1E6DED8E003A8187 /* HackOverflow_iOS_KitTests.swift in Sources */,
			);
			runOnlyForDeploymentPostprocessing = 0;
		};
/* End PBXSourcesBuildPhase section */

/* Begin PBXTargetDependency section */
		4449A9271E6DED8E003A8187 /* PBXTargetDependency */ = {
			isa = PBXTargetDependency;
			target = 4449A9101E6DED8E003A8187 /* HackOverflow-iOS-Kit */;
			targetProxy = 4449A9261E6DED8E003A8187 /* PBXContainerItemProxy */;
		};
/* End PBXTargetDependency section */

/* Begin PBXVariantGroup section */
		4449A9181E6DED8E003A8187 /* Main.storyboard */ = {
			isa = PBXVariantGroup;
			children = (
				4449A9191E6DED8E003A8187 /* Base */,
			);
			name = Main.storyboard;
			sourceTree = "<group>";
		};
		4449A91D1E6DED8E003A8187 /* LaunchScreen.storyboard */ = {
			isa = PBXVariantGroup;
			children = (
				4449A91E1E6DED8E003A8187 /* Base */,
			);
			name = LaunchScreen.storyboard;
			sourceTree = "<group>";
		};
/* End PBXVariantGroup section */

/* Begin XCBuildConfiguration section */
		4449A92C1E6DED8E003A8187 /* Debug */ = {
			isa = XCBuildConfiguration;
			buildSettings = {
				ALWAYS_SEARCH_USER_PATHS = NO;
				CLANG_ANALYZER_NONNULL = YES;
				CLANG_CXX_LANGUAGE_STANDARD = "gnu++0x";
				CLANG_CXX_LIBRARY = "libc++";
				CLANG_ENABLE_MODULES = YES;
				CLANG_ENABLE_OBJC_ARC = YES;
				CLANG_WARN_BOOL_CONVERSION = YES;
				CLANG_WARN_CONSTANT_CONVERSION = YES;
				CLANG_WARN_DIRECT_OBJC_ISA_USAGE = YES_ERROR;
				CLANG_WARN_DOCUMENTATION_COMMENTS = YES;
				CLANG_WARN_EMPTY_BODY = YES;
				CLANG_WARN_ENUM_CONVERSION = YES;
				CLANG_WARN_INFINITE_RECURSION = YES;
				CLANG_WARN_INT_CONVERSION = YES;
				CLANG_WARN_OBJC_ROOT_CLASS = YES_ERROR;
				CLANG_WARN_SUSPICIOUS_MOVE = YES;
				CLANG_WARN_UNREACHABLE_CODE = YES;
				CLANG_WARN__DUPLICATE_METHOD_MATCH = YES;
				"CODE_SIGN_IDENTITY[sdk=iphoneos*]" = "iPhone Developer";
				COPY_PHASE_STRIP = NO;
				DEBUG_INFORMATION_FORMAT = dwarf;
				ENABLE_STRICT_OBJC_MSGSEND = YES;
				ENABLE_TESTABILITY = YES;
				GCC_C_LANGUAGE_STANDARD = gnu99;
				GCC_DYNAMIC_NO_PIC = NO;
				GCC_NO_COMMON_BLOCKS = YES;
				GCC_OPTIMIZATION_LEVEL = 0;
				GCC_PREPROCESSOR_DEFINITIONS = (
					"DEBUG=1",
					"$(inherited)",
				);
				GCC_WARN_64_TO_32_BIT_CONVERSION = YES;
				GCC_WARN_ABOUT_RETURN_TYPE = YES_ERROR;
				GCC_WARN_UNDECLARED_SELECTOR = YES;
				GCC_WARN_UNINITIALIZED_AUTOS = YES_AGGRESSIVE;
				GCC_WARN_UNUSED_FUNCTION = YES;
				GCC_WARN_UNUSED_VARIABLE = YES;
				IPHONEOS_DEPLOYMENT_TARGET = 10.2;
				MTL_ENABLE_DEBUG_INFO = YES;
				ONLY_ACTIVE_ARCH = YES;
				SDKROOT = iphoneos;
				SWIFT_ACTIVE_COMPILATION_CONDITIONS = DEBUG;
				SWIFT_OPTIMIZATION_LEVEL = "-Onone";
				TARGETED_DEVICE_FAMILY = "1,2";
			};
			name = Debug;
		};
		4449A92D1E6DED8E003A8187 /* Release */ = {
			isa = XCBuildConfiguration;
			buildSettings = {
				ALWAYS_SEARCH_USER_PATHS = NO;
				CLANG_ANALYZER_NONNULL = YES;
				CLANG_CXX_LANGUAGE_STANDARD = "gnu++0x";
				CLANG_CXX_LIBRARY = "libc++";
				CLANG_ENABLE_MODULES = YES;
				CLANG_ENABLE_OBJC_ARC = YES;
				CLANG_WARN_BOOL_CONVERSION = YES;
				CLANG_WARN_CONSTANT_CONVERSION = YES;
				CLANG_WARN_DIRECT_OBJC_ISA_USAGE = YES_ERROR;
				CLANG_WARN_DOCUMENTATION_COMMENTS = YES;
				CLANG_WARN_EMPTY_BODY = YES;
				CLANG_WARN_ENUM_CONVERSION = YES;
				CLANG_WARN_INFINITE_RECURSION = YES;
				CLANG_WARN_INT_CONVERSION = YES;
				CLANG_WARN_OBJC_ROOT_CLASS = YES_ERROR;
				CLANG_WARN_SUSPICIOUS_MOVE = YES;
				CLANG_WARN_UNREACHABLE_CODE = YES;
				CLANG_WARN__DUPLICATE_METHOD_MATCH = YES;
				"CODE_SIGN_IDENTITY[sdk=iphoneos*]" = "iPhone Developer";
				COPY_PHASE_STRIP = NO;
				DEBUG_INFORMATION_FORMAT = "dwarf-with-dsym";
				ENABLE_NS_ASSERTIONS = NO;
				ENABLE_STRICT_OBJC_MSGSEND = YES;
				GCC_C_LANGUAGE_STANDARD = gnu99;
				GCC_NO_COMMON_BLOCKS = YES;
				GCC_WARN_64_TO_32_BIT_CONVERSION = YES;
				GCC_WARN_ABOUT_RETURN_TYPE = YES_ERROR;
				GCC_WARN_UNDECLARED_SELECTOR = YES;
				GCC_WARN_UNINITIALIZED_AUTOS = YES_AGGRESSIVE;
				GCC_WARN_UNUSED_FUNCTION = YES;
				GCC_WARN_UNUSED_VARIABLE = YES;
				IPHONEOS_DEPLOYMENT_TARGET = 10.2;
				MTL_ENABLE_DEBUG_INFO = NO;
				SDKROOT = iphoneos;
				SWIFT_OPTIMIZATION_LEVEL = "-Owholemodule";
				TARGETED_DEVICE_FAMILY = "1,2";
				VALIDATE_PRODUCT = YES;
			};
			name = Release;
		};
		4449A92F1E6DED8E003A8187 /* Debug */ = {
			isa = XCBuildConfiguration;
			buildSettings = {
				ASSETCATALOG_COMPILER_APPICON_NAME = AppIcon;
				INFOPLIST_FILE = "HackOverflow-iOS-Kit/Info.plist";
				LD_RUNPATH_SEARCH_PATHS = "$(inherited) @executable_path/Frameworks";
				PRODUCT_BUNDLE_IDENTIFIER = "com.HackOverflow.HackOverflow-iOS-Kit";
				PRODUCT_NAME = "$(TARGET_NAME)";
				SWIFT_VERSION = 3.0;
			};
			name = Debug;
		};
		4449A9301E6DED8E003A8187 /* Release */ = {
			isa = XCBuildConfiguration;
			buildSettings = {
				ASSETCATALOG_COMPILER_APPICON_NAME = AppIcon;
				INFOPLIST_FILE = "HackOverflow-iOS-Kit/Info.plist";
				LD_RUNPATH_SEARCH_PATHS = "$(inherited) @executable_path/Frameworks";
				PRODUCT_BUNDLE_IDENTIFIER = "com.HackOverflow.HackOverflow-iOS-Kit";
				PRODUCT_NAME = "$(TARGET_NAME)";
				SWIFT_VERSION = 3.0;
			};
			name = Release;
		};
		4449A9321E6DED8E003A8187 /* Debug */ = {
			isa = XCBuildConfiguration;
			buildSettings = {
				ALWAYS_EMBED_SWIFT_STANDARD_LIBRARIES = YES;
				BUNDLE_LOADER = "$(TEST_HOST)";
				INFOPLIST_FILE = "HackOverflow-iOS-KitTests/Info.plist";
				LD_RUNPATH_SEARCH_PATHS = "$(inherited) @executable_path/Frameworks @loader_path/Frameworks";
				PRODUCT_BUNDLE_IDENTIFIER = "com.HackOverflow.HackOverflow-iOS-KitTests";
				PRODUCT_NAME = "$(TARGET_NAME)";
				SWIFT_VERSION = 3.0;
				TEST_HOST = "$(BUILT_PRODUCTS_DIR)/HackOverflow-iOS-Kit.app/HackOverflow-iOS-Kit";
			};
			name = Debug;
		};
		4449A9331E6DED8E003A8187 /* Release */ = {
			isa = XCBuildConfiguration;
			buildSettings = {
				ALWAYS_EMBED_SWIFT_STANDARD_LIBRARIES = YES;
				BUNDLE_LOADER = "$(TEST_HOST)";
				INFOPLIST_FILE = "HackOverflow-iOS-KitTests/Info.plist";
				LD_RUNPATH_SEARCH_PATHS = "$(inherited) @executable_path/Frameworks @loader_path/Frameworks";
				PRODUCT_BUNDLE_IDENTIFIER = "com.HackOverflow.HackOverflow-iOS-KitTests";
				PRODUCT_NAME = "$(TARGET_NAME)";
				SWIFT_VERSION = 3.0;
				TEST_HOST = "$(BUILT_PRODUCTS_DIR)/HackOverflow-iOS-Kit.app/HackOverflow-iOS-Kit";
			};
			name = Release;
		};
/* End XCBuildConfiguration section */

/* Begin XCConfigurationList section */
		4449A90C1E6DED8D003A8187 /* Build configuration list for PBXProject "HackOverflow-iOS-Kit" */ = {
			isa = XCConfigurationList;
			buildConfigurations = (
				4449A92C1E6DED8E003A8187 /* Debug */,
				4449A92D1E6DED8E003A8187 /* Release */,
			);
			defaultConfigurationIsVisible = 0;
			defaultConfigurationName = Release;
		};
		4449A92E1E6DED8E003A8187 /* Build configuration list for PBXNativeTarget "HackOverflow-iOS-Kit" */ = {
			isa = XCConfigurationList;
			buildConfigurations = (
				4449A92F1E6DED8E003A8187 /* Debug */,
				4449A9301E6DED8E003A8187 /* Release */,
			);
			defaultConfigurationIsVisible = 0;
		};
		4449A9311E6DED8E003A8187 /* Build configuration list for PBXNativeTarget "HackOverflow-iOS-KitTests" */ = {
			isa = XCConfigurationList;
			buildConfigurations = (
				4449A9321E6DED8E003A8187 /* Debug */,
				4449A9331E6DED8E003A8187 /* Release */,
			);
			defaultConfigurationIsVisible = 0;
		};
/* End XCConfigurationList section */
	};
	rootObject = 4449A9091E6DED8D003A8187 /* Project object */;
}
